
Microsoft Visual Studio Solution File, Format Version 12.00
# Visual Studio Version 16
VisualStudioVersion = 16.0.28701.123
MinimumVisualStudioVersion = 10.0.40219.1
Project("{FAE04EC0-301F-11D3-BF4B-00C04F79EFBC}") = "ExcelLibrary", "ExcelLibrary\ExcelLibrary.csproj", "{EAEB4787-B9BE-45E3-92E9-75469CCF9945}"
EndProject
Project("{FAE04EC0-301F-11D3-BF4B-00C04F79EFBC}") = "ExcelLibrary.Test", "ExcelLibrary.Test\ExcelLibrary.Test.csproj", "{CC0A75FA-DAAF-4770-AFC1-0A34CEDCC85E}"
EndProject
Global
	GlobalSection(SolutionConfigurationPlatforms) = preSolution
		Debug|Any CPU = Debug|Any CPU
		Release|Any CPU = Release|Any CPU
	EndGlobalSection
	GlobalSection(ProjectConfigurationPlatforms) = postSolution
		{EAEB4787-B9BE-45E3-92E9-75469CCF9945}.Debug|Any CPU.ActiveCfg = Debug|Any CPU
		{EAEB4787-B9BE-45E3-92E9-75469CCF9945}.Debug|Any CPU.Build.0 = Debug|Any CPU
		{EAEB4787-B9BE-45E3-92E9-75469CCF9945}.Release|Any CPU.ActiveCfg = Release|Any CPU
		{EAEB4787-B9BE-45E3-92E9-75469CCF9945}.Release|Any CPU.Build.0 = Release|Any CPU
		{CC0A75FA-DAAF-4770-AFC1-0A34CEDCC85E}.Debug|Any CPU.ActiveCfg = Debug|Any CPU
		{CC0A75FA-DAAF-4770-AFC1-0A34CEDCC85E}.Debug|Any CPU.Build.0 = Debug|Any CPU
		{CC0A75FA-DAAF-4770-AFC1-0A34CEDCC85E}.Release|Any CPU.ActiveCfg = Release|Any CPU
		{CC0A75FA-DAAF-4770-AFC1-0A34CEDCC85E}.Release|Any CPU.Build.0 = Release|Any CPU
	EndGlobalSection
	GlobalSection(SolutionProperties) = preSolution
		HideSolutionNode = FALSE
	EndGlobalSection
	GlobalSection(ExtensibilityGlobals) = postSolution
		SolutionGuid = {AC8B4D76-EA30-47DC-8556-3C2576D62F77}
	EndGlobalSection
EndGlobal
